
Microsoft Visual Studio Solution File, Format Version 12.00
# Visual Studio 15
VisualStudioVersion = 15.0.28010.2041
MinimumVisualStudioVersion = 10.0.40219.1
Project("{9A19103F-16F7-4668-BE54-9A1E7A4F7556}") = "Oxard.TestApp", "Oxard.TestApp\Oxard.TestApp\Oxard.TestApp.csproj", "{160317AC-B6B1-450F-ABFF-25C341E3C115}"
EndProject
Project("{FAE04EC0-301F-11D3-BF4B-00C04F79EFBC}") = "Oxard.TestApp.Android", "Oxard.TestApp\Oxard.TestApp.Android\Oxard.TestApp.Android.csproj", "{A3742168-5424-4D00-AF19-2BDFACF32209}"
EndProject
Project("{FAE04EC0-301F-11D3-BF4B-00C04F79EFBC}") = "Oxard.TestApp.iOS", "Oxard.TestApp\Oxard.TestApp.iOS\Oxard.TestApp.iOS.csproj", "{8D2B2AFD-D049-475B-827D-B7F348AF791F}"
EndProject
Project("{FAE04EC0-301F-11D3-BF4B-00C04F79EFBC}") = "Oxard.TestApp.UWP", "Oxard.TestApp\Oxard.TestApp.UWP\Oxard.TestApp.UWP.csproj", "{94D849B2-91C3-4610-A752-5849595A1A76}"
EndProject
Project("{2150E333-8FDC-42A3-9474-1A3956D46DE8}") = "TestApp", "TestApp", "{569B5B21-1138-4535-9047-BD89616ADC3B}"
EndProject
Project("{2150E333-8FDC-42A3-9474-1A3956D46DE8}") = "Library", "Library", "{523D749F-EC3C-49EC-A90B-EE015D776D76}"
EndProject
Project("{9A19103F-16F7-4668-BE54-9A1E7A4F7556}") = "Oxard.XControls", "Oxard.XControls\Oxard.XControls.csproj", "{85BC81F2-67F9-41E3-A379-8ED7708CB171}"
EndProject
Project("{FAE04EC0-301F-11D3-BF4B-00C04F79EFBC}") = "Oxard.XControls.Android", "Oxard.XControls.Android\Oxard.XControls.Android.csproj", "{5A673531-A696-4CC9-A422-C39FDEE56CC9}"
EndProject
Project("{FAE04EC0-301F-11D3-BF4B-00C04F79EFBC}") = "Oxard.XControls.iOS", "Oxard.XControls.iOS\Oxard.XControls.iOS.csproj", "{351AE8F4-9C2E-44BA-89C5-2664CD85401D}"
EndProject
Project("{FAE04EC0-301F-11D3-BF4B-00C04F79EFBC}") = "Oxard.XControls.UWP", "Oxard.XControls.UWP\Oxard.XControls.UWP.csproj", "{8EC797D3-5EAD-4028-8B0B-1B4A38A92003}"
EndProject
Global
	GlobalSection(SolutionConfigurationPlatforms) = preSolution
		Ad-Hoc|Any CPU = Ad-Hoc|Any CPU
		Ad-Hoc|ARM = Ad-Hoc|ARM
		Ad-Hoc|iPhone = Ad-Hoc|iPhone
		Ad-Hoc|iPhoneSimulator = Ad-Hoc|iPhoneSimulator
		Ad-Hoc|x64 = Ad-Hoc|x64
		Ad-Hoc|x86 = Ad-Hoc|x86
		AppStore|Any CPU = AppStore|Any CPU
		AppStore|ARM = AppStore|ARM
		AppStore|iPhone = AppStore|iPhone
		AppStore|iPhoneSimulator = AppStore|iPhoneSimulator
		AppStore|x64 = AppStore|x64
		AppStore|x86 = AppStore|x86
		Debug|Any CPU = Debug|Any CPU
		Debug|ARM = Debug|ARM
		Debug|iPhone = Debug|iPhone
		Debug|iPhoneSimulator = Debug|iPhoneSimulator
		Debug|x64 = Debug|x64
		Debug|x86 = Debug|x86
		Release|Any CPU = Release|Any CPU
		Release|ARM = Release|ARM
		Release|iPhone = Release|iPhone
		Release|iPhoneSimulator = Release|iPhoneSimulator
		Release|x64 = Release|x64
		Release|x86 = Release|x86
	EndGlobalSection
	GlobalSection(ProjectConfigurationPlatforms) = postSolution
		{160317AC-B6B1-450F-ABFF-25C341E3C115}.Ad-Hoc|Any CPU.ActiveCfg = Debug|Any CPU
		{160317AC-B6B1-450F-ABFF-25C341E3C115}.Ad-Hoc|Any CPU.Build.0 = Debug|Any CPU
		{160317AC-B6B1-450F-ABFF-25C341E3C115}.Ad-Hoc|ARM.ActiveCfg = Debug|Any CPU
		{160317AC-B6B1-450F-ABFF-25C341E3C115}.Ad-Hoc|ARM.Build.0 = Debug|Any CPU
		{160317AC-B6B1-450F-ABFF-25C341E3C115}.Ad-Hoc|iPhone.ActiveCfg = Debug|Any CPU
		{160317AC-B6B1-450F-ABFF-25C341E3C115}.Ad-Hoc|iPhone.Build.0 = Debug|Any CPU
		{160317AC-B6B1-450F-ABFF-25C341E3C115}.Ad-Hoc|iPhoneSimulator.ActiveCfg = Debug|Any CPU
		{160317AC-B6B1-450F-ABFF-25C341E3C115}.Ad-Hoc|iPhoneSimulator.Build.0 = Debug|Any CPU
		{160317AC-B6B1-450F-ABFF-25C341E3C115}.Ad-Hoc|x64.ActiveCfg = Debug|Any CPU
		{160317AC-B6B1-450F-ABFF-25C341E3C115}.Ad-Hoc|x64.Build.0 = Debug|Any CPU
		{160317AC-B6B1-450F-ABFF-25C341E3C115}.Ad-Hoc|x86.ActiveCfg = Debug|Any CPU
		{160317AC-B6B1-450F-ABFF-25C341E3C115}.Ad-Hoc|x86.Build.0 = Debug|Any CPU
		{160317AC-B6B1-450F-ABFF-25C341E3C115}.AppStore|Any CPU.ActiveCfg = Debug|Any CPU
		{160317AC-B6B1-450F-ABFF-25C341E3C115}.AppStore|Any CPU.Build.0 = Debug|Any CPU
		{160317AC-B6B1-450F-ABFF-25C341E3C115}.AppStore|ARM.ActiveCfg = Debug|Any CPU
		{160317AC-B6B1-450F-ABFF-25C341E3C115}.AppStore|ARM.Build.0 = Debug|Any CPU
		{160317AC-B6B1-450F-ABFF-25C341E3C115}.AppStore|iPhone.ActiveCfg = Debug|Any CPU
		{160317AC-B6B1-450F-ABFF-25C341E3C115}.AppStore|iPhone.Build.0 = Debug|Any CPU
		{160317AC-B6B1-450F-ABFF-25C341E3C115}.AppStore|iPhoneSimulator.ActiveCfg = Debug|Any CPU
		{160317AC-B6B1-450F-ABFF-25C341E3C115}.AppStore|iPhoneSimulator.Build.0 = Debug|Any CPU
		{160317AC-B6B1-450F-ABFF-25C341E3C115}.AppStore|x64.ActiveCfg = Debug|Any CPU
		{160317AC-B6B1-450F-ABFF-25C341E3C115}.AppStore|x64.Build.0 = Debug|Any CPU
		{160317AC-B6B1-450F-ABFF-25C341E3C115}.AppStore|x86.ActiveCfg = Debug|Any CPU
		{160317AC-B6B1-450F-ABFF-25C341E3C115}.AppStore|x86.Build.0 = Debug|Any CPU
		{160317AC-B6B1-450F-ABFF-25C341E3C115}.Debug|Any CPU.ActiveCfg = Debug|Any CPU
		{160317AC-B6B1-450F-ABFF-25C341E3C115}.Debug|Any CPU.Build.0 = Debug|Any CPU
		{160317AC-B6B1-450F-ABFF-25C341E3C115}.Debug|ARM.ActiveCfg = Debug|Any CPU
		{160317AC-B6B1-450F-ABFF-25C341E3C115}.Debug|ARM.Build.0 = Debug|Any CPU
		{160317AC-B6B1-450F-ABFF-25C341E3C115}.Debug|iPhone.ActiveCfg = Debug|Any CPU
		{160317AC-B6B1-450F-ABFF-25C341E3C115}.Debug|iPhone.Build.0 = Debug|Any CPU
		{160317AC-B6B1-450F-ABFF-25C341E3C115}.Debug|iPhoneSimulator.ActiveCfg = Debug|Any CPU
		{160317AC-B6B1-450F-ABFF-25C341E3C115}.Debug|iPhoneSimulator.Build.0 = Debug|Any CPU
		{160317AC-B6B1-450F-ABFF-25C341E3C115}.Debug|x64.ActiveCfg = Debug|Any CPU
		{160317AC-B6B1-450F-ABFF-25C341E3C115}.Debug|x64.Build.0 = Debug|Any CPU
		{160317AC-B6B1-450F-ABFF-25C341E3C115}.Debug|x86.ActiveCfg = Debug|Any CPU
		{160317AC-B6B1-450F-ABFF-25C341E3C115}.Debug|x86.Build.0 = Debug|Any CPU
		{160317AC-B6B1-450F-ABFF-25C341E3C115}.Release|Any CPU.ActiveCfg = Release|Any CPU
		{160317AC-B6B1-450F-ABFF-25C341E3C115}.Release|Any CPU.Build.0 = Release|Any CPU
		{160317AC-B6B1-450F-ABFF-25C341E3C115}.Release|ARM.ActiveCfg = Release|Any CPU
		{160317AC-B6B1-450F-ABFF-25C341E3C115}.Release|ARM.Build.0 = Release|Any CPU
		{160317AC-B6B1-450F-ABFF-25C341E3C115}.Release|iPhone.ActiveCfg = Release|Any CPU
		{160317AC-B6B1-450F-ABFF-25C341E3C115}.Release|iPhone.Build.0 = Release|Any CPU
		{160317AC-B6B1-450F-ABFF-25C341E3C115}.Release|iPhoneSimulator.ActiveCfg = Release|Any CPU
		{160317AC-B6B1-450F-ABFF-25C341E3C115}.Release|iPhoneSimulator.Build.0 = Release|Any CPU
		{160317AC-B6B1-450F-ABFF-25C341E3C115}.Release|x64.ActiveCfg = Release|Any CPU
		{160317AC-B6B1-450F-ABFF-25C341E3C115}.Release|x64.Build.0 = Release|Any CPU
		{160317AC-B6B1-450F-ABFF-25C341E3C115}.Release|x86.ActiveCfg = Release|Any CPU
		{160317AC-B6B1-450F-ABFF-25C341E3C115}.Release|x86.Build.0 = Release|Any CPU
		{A3742168-5424-4D00-AF19-2BDFACF32209}.Ad-Hoc|Any CPU.ActiveCfg = Release|Any CPU
		{A3742168-5424-4D00-AF19-2BDFACF32209}.Ad-Hoc|Any CPU.Build.0 = Release|Any CPU
		{A3742168-5424-4D00-AF19-2BDFACF32209}.Ad-Hoc|Any CPU.Deploy.0 = Release|Any CPU
		{A3742168-5424-4D00-AF19-2BDFACF32209}.Ad-Hoc|ARM.ActiveCfg = Release|Any CPU
		{A3742168-5424-4D00-AF19-2BDFACF32209}.Ad-Hoc|ARM.Build.0 = Release|Any CPU
		{A3742168-5424-4D00-AF19-2BDFACF32209}.Ad-Hoc|ARM.Deploy.0 = Release|Any CPU
		{A3742168-5424-4D00-AF19-2BDFACF32209}.Ad-Hoc|iPhone.ActiveCfg = Release|Any CPU
		{A3742168-5424-4D00-AF19-2BDFACF32209}.Ad-Hoc|iPhone.Build.0 = Release|Any CPU
		{A3742168-5424-4D00-AF19-2BDFACF32209}.Ad-Hoc|iPhone.Deploy.0 = Release|Any CPU
		{A3742168-5424-4D00-AF19-2BDFACF32209}.Ad-Hoc|iPhoneSimulator.ActiveCfg = Release|Any CPU
		{A3742168-5424-4D00-AF19-2BDFACF32209}.Ad-Hoc|iPhoneSimulator.Build.0 = Release|Any CPU
		{A3742168-5424-4D00-AF19-2BDFACF32209}.Ad-Hoc|iPhoneSimulator.Deploy.0 = Release|Any CPU
		{A3742168-5424-4D00-AF19-2BDFACF32209}.Ad-Hoc|x64.ActiveCfg = Release|Any CPU
		{A3742168-5424-4D00-AF19-2BDFACF32209}.Ad-Hoc|x64.Build.0 = Release|Any CPU
		{A3742168-5424-4D00-AF19-2BDFACF32209}.Ad-Hoc|x64.Deploy.0 = Release|Any CPU
		{A3742168-5424-4D00-AF19-2BDFACF32209}.Ad-Hoc|x86.ActiveCfg = Release|Any CPU
		{A3742168-5424-4D00-AF19-2BDFACF32209}.Ad-Hoc|x86.Build.0 = Release|Any CPU
		{A3742168-5424-4D00-AF19-2BDFACF32209}.Ad-Hoc|x86.Deploy.0 = Release|Any CPU
		{A3742168-5424-4D00-AF19-2BDFACF32209}.AppStore|Any CPU.ActiveCfg = Release|Any CPU
		{A3742168-5424-4D00-AF19-2BDFACF32209}.AppStore|Any CPU.Build.0 = Release|Any CPU
		{A3742168-5424-4D00-AF19-2BDFACF32209}.AppStore|Any CPU.Deploy.0 = Release|Any CPU
		{A3742168-5424-4D00-AF19-2BDFACF32209}.AppStore|ARM.ActiveCfg = Release|Any CPU
		{A3742168-5424-4D00-AF19-2BDFACF32209}.AppStore|ARM.Build.0 = Release|Any CPU
		{A3742168-5424-4D00-AF19-2BDFACF32209}.AppStore|ARM.Deploy.0 = Release|Any CPU
		{A3742168-5424-4D00-AF19-2BDFACF32209}.AppStore|iPhone.ActiveCfg = Release|Any CPU
		{A3742168-5424-4D00-AF19-2BDFACF32209}.AppStore|iPhone.Build.0 = Release|Any CPU
		{A3742168-5424-4D00-AF19-2BDFACF32209}.AppStore|iPhone.Deploy.0 = Release|Any CPU
		{A3742168-5424-4D00-AF19-2BDFACF32209}.AppStore|iPhoneSimulator.ActiveCfg = Release|Any CPU
		{A3742168-5424-4D00-AF19-2BDFACF32209}.AppStore|iPhoneSimulator.Build.0 = Release|Any CPU
		{A3742168-5424-4D00-AF19-2BDFACF32209}.AppStore|iPhoneSimulator.Deploy.0 = Release|Any CPU
		{A3742168-5424-4D00-AF19-2BDFACF32209}.AppStore|x64.ActiveCfg = Release|Any CPU
		{A3742168-5424-4D00-AF19-2BDFACF32209}.AppStore|x64.Build.0 = Release|Any CPU
		{A3742168-5424-4D00-AF19-2BDFACF32209}.AppStore|x64.Deploy.0 = Release|Any CPU
		{A3742168-5424-4D00-AF19-2BDFACF32209}.AppStore|x86.ActiveCfg = Release|Any CPU
		{A3742168-5424-4D00-AF19-2BDFACF32209}.AppStore|x86.Build.0 = Release|Any CPU
		{A3742168-5424-4D00-AF19-2BDFACF32209}.AppStore|x86.Deploy.0 = Release|Any CPU
		{A3742168-5424-4D00-AF19-2BDFACF32209}.Debug|Any CPU.ActiveCfg = Debug|Any CPU
		{A3742168-5424-4D00-AF19-2BDFACF32209}.Debug|Any CPU.Build.0 = Debug|Any CPU
		{A3742168-5424-4D00-AF19-2BDFACF32209}.Debug|Any CPU.Deploy.0 = Debug|Any CPU
		{A3742168-5424-4D00-AF19-2BDFACF32209}.Debug|ARM.ActiveCfg = Debug|Any CPU
		{A3742168-5424-4D00-AF19-2BDFACF32209}.Debug|ARM.Build.0 = Debug|Any CPU
		{A3742168-5424-4D00-AF19-2BDFACF32209}.Debug|ARM.Deploy.0 = Debug|Any CPU
		{A3742168-5424-4D00-AF19-2BDFACF32209}.Debug|iPhone.ActiveCfg = Debug|Any CPU
		{A3742168-5424-4D00-AF19-2BDFACF32209}.Debug|iPhone.Build.0 = Debug|Any CPU
		{A3742168-5424-4D00-AF19-2BDFACF32209}.Debug|iPhone.Deploy.0 = Debug|Any CPU
		{A3742168-5424-4D00-AF19-2BDFACF32209}.Debug|iPhoneSimulator.ActiveCfg = Debug|Any CPU
		{A3742168-5424-4D00-AF19-2BDFACF32209}.Debug|iPhoneSimulator.Build.0 = Debug|Any CPU
		{A3742168-5424-4D00-AF19-2BDFACF32209}.Debug|iPhoneSimulator.Deploy.0 = Debug|Any CPU
		{A3742168-5424-4D00-AF19-2BDFACF32209}.Debug|x64.ActiveCfg = Debug|Any CPU
		{A3742168-5424-4D00-AF19-2BDFACF32209}.Debug|x64.Build.0 = Debug|Any CPU
		{A3742168-5424-4D00-AF19-2BDFACF32209}.Debug|x64.Deploy.0 = Debug|Any CPU
		{A3742168-5424-4D00-AF19-2BDFACF32209}.Debug|x86.ActiveCfg = Debug|Any CPU
		{A3742168-5424-4D00-AF19-2BDFACF32209}.Debug|x86.Build.0 = Debug|Any CPU
		{A3742168-5424-4D00-AF19-2BDFACF32209}.Debug|x86.Deploy.0 = Debug|Any CPU
		{A3742168-5424-4D00-AF19-2BDFACF32209}.Release|Any CPU.ActiveCfg = Release|Any CPU
		{A3742168-5424-4D00-AF19-2BDFACF32209}.Release|Any CPU.Build.0 = Release|Any CPU
		{A3742168-5424-4D00-AF19-2BDFACF32209}.Release|Any CPU.Deploy.0 = Release|Any CPU
		{A3742168-5424-4D00-AF19-2BDFACF32209}.Release|ARM.ActiveCfg = Release|Any CPU
		{A3742168-5424-4D00-AF19-2BDFACF32209}.Release|ARM.Build.0 = Release|Any CPU
		{A3742168-5424-4D00-AF19-2BDFACF32209}.Release|ARM.Deploy.0 = Release|Any CPU
		{A3742168-5424-4D00-AF19-2BDFACF32209}.Release|iPhone.ActiveCfg = Release|Any CPU
		{A3742168-5424-4D00-AF19-2BDFACF32209}.Release|iPhone.Build.0 = Release|Any CPU
		{A3742168-5424-4D00-AF19-2BDFACF32209}.Release|iPhone.Deploy.0 = Release|Any CPU
		{A3742168-5424-4D00-AF19-2BDFACF32209}.Release|iPhoneSimulator.ActiveCfg = Release|Any CPU
		{A3742168-5424-4D00-AF19-2BDFACF32209}.Release|iPhoneSimulator.Build.0 = Release|Any CPU
		{A3742168-5424-4D00-AF19-2BDFACF32209}.Release|iPhoneSimulator.Deploy.0 = Release|Any CPU
		{A3742168-5424-4D00-AF19-2BDFACF32209}.Release|x64.ActiveCfg = Release|Any CPU
		{A3742168-5424-4D00-AF19-2BDFACF32209}.Release|x64.Build.0 = Release|Any CPU
		{A3742168-5424-4D00-AF19-2BDFACF32209}.Release|x64.Deploy.0 = Release|Any CPU
		{A3742168-5424-4D00-AF19-2BDFACF32209}.Release|x86.ActiveCfg = Release|Any CPU
		{A3742168-5424-4D00-AF19-2BDFACF32209}.Release|x86.Build.0 = Release|Any CPU
		{A3742168-5424-4D00-AF19-2BDFACF32209}.Release|x86.Deploy.0 = Release|Any CPU
		{8D2B2AFD-D049-475B-827D-B7F348AF791F}.Ad-Hoc|Any CPU.ActiveCfg = Ad-Hoc|iPhone
		{8D2B2AFD-D049-475B-827D-B7F348AF791F}.Ad-Hoc|ARM.ActiveCfg = Ad-Hoc|iPhone
		{8D2B2AFD-D049-475B-827D-B7F348AF791F}.Ad-Hoc|iPhone.ActiveCfg = Ad-Hoc|iPhone
		{8D2B2AFD-D049-475B-827D-B7F348AF791F}.Ad-Hoc|iPhone.Build.0 = Ad-Hoc|iPhone
		{8D2B2AFD-D049-475B-827D-B7F348AF791F}.Ad-Hoc|iPhoneSimulator.ActiveCfg = Ad-Hoc|iPhoneSimulator
		{8D2B2AFD-D049-475B-827D-B7F348AF791F}.Ad-Hoc|iPhoneSimulator.Build.0 = Ad-Hoc|iPhoneSimulator
		{8D2B2AFD-D049-475B-827D-B7F348AF791F}.Ad-Hoc|x64.ActiveCfg = Ad-Hoc|iPhone
		{8D2B2AFD-D049-475B-827D-B7F348AF791F}.Ad-Hoc|x86.ActiveCfg = Ad-Hoc|iPhone
		{8D2B2AFD-D049-475B-827D-B7F348AF791F}.AppStore|Any CPU.ActiveCfg = AppStore|iPhone
		{8D2B2AFD-D049-475B-827D-B7F348AF791F}.AppStore|ARM.ActiveCfg = AppStore|iPhone
		{8D2B2AFD-D049-475B-827D-B7F348AF791F}.AppStore|iPhone.ActiveCfg = AppStore|iPhone
		{8D2B2AFD-D049-475B-827D-B7F348AF791F}.AppStore|iPhone.Build.0 = AppStore|iPhone
		{8D2B2AFD-D049-475B-827D-B7F348AF791F}.AppStore|iPhoneSimulator.ActiveCfg = AppStore|iPhoneSimulator
		{8D2B2AFD-D049-475B-827D-B7F348AF791F}.AppStore|iPhoneSimulator.Build.0 = AppStore|iPhoneSimulator
		{8D2B2AFD-D049-475B-827D-B7F348AF791F}.AppStore|x64.ActiveCfg = AppStore|iPhone
		{8D2B2AFD-D049-475B-827D-B7F348AF791F}.AppStore|x86.ActiveCfg = AppStore|iPhone
		{8D2B2AFD-D049-475B-827D-B7F348AF791F}.Debug|Any CPU.ActiveCfg = Debug|iPhone
		{8D2B2AFD-D049-475B-827D-B7F348AF791F}.Debug|ARM.ActiveCfg = Debug|iPhone
		{8D2B2AFD-D049-475B-827D-B7F348AF791F}.Debug|iPhone.ActiveCfg = Debug|iPhone
		{8D2B2AFD-D049-475B-827D-B7F348AF791F}.Debug|iPhone.Build.0 = Debug|iPhone
		{8D2B2AFD-D049-475B-827D-B7F348AF791F}.Debug|iPhoneSimulator.ActiveCfg = Debug|iPhoneSimulator
		{8D2B2AFD-D049-475B-827D-B7F348AF791F}.Debug|iPhoneSimulator.Build.0 = Debug|iPhoneSimulator
		{8D2B2AFD-D049-475B-827D-B7F348AF791F}.Debug|x64.ActiveCfg = Debug|iPhone
		{8D2B2AFD-D049-475B-827D-B7F348AF791F}.Debug|x86.ActiveCfg = Debug|iPhone
		{8D2B2AFD-D049-475B-827D-B7F348AF791F}.Release|Any CPU.ActiveCfg = Release|iPhone
		{8D2B2AFD-D049-475B-827D-B7F348AF791F}.Release|ARM.ActiveCfg = Release|iPhone
		{8D2B2AFD-D049-475B-827D-B7F348AF791F}.Release|iPhone.ActiveCfg = Release|iPhone
		{8D2B2AFD-D049-475B-827D-B7F348AF791F}.Release|iPhone.Build.0 = Release|iPhone
		{8D2B2AFD-D049-475B-827D-B7F348AF791F}.Release|iPhoneSimulator.ActiveCfg = Release|iPhoneSimulator
		{8D2B2AFD-D049-475B-827D-B7F348AF791F}.Release|iPhoneSimulator.Build.0 = Release|iPhoneSimulator
		{8D2B2AFD-D049-475B-827D-B7F348AF791F}.Release|x64.ActiveCfg = Release|iPhone
		{8D2B2AFD-D049-475B-827D-B7F348AF791F}.Release|x86.ActiveCfg = Release|iPhone
		{94D849B2-91C3-4610-A752-5849595A1A76}.Ad-Hoc|Any CPU.ActiveCfg = Release|x86
		{94D849B2-91C3-4610-A752-5849595A1A76}.Ad-Hoc|Any CPU.Build.0 = Release|x86
		{94D849B2-91C3-4610-A752-5849595A1A76}.Ad-Hoc|Any CPU.Deploy.0 = Release|x86
		{94D849B2-91C3-4610-A752-5849595A1A76}.Ad-Hoc|ARM.ActiveCfg = Release|ARM
		{94D849B2-91C3-4610-A752-5849595A1A76}.Ad-Hoc|ARM.Build.0 = Release|ARM
		{94D849B2-91C3-4610-A752-5849595A1A76}.Ad-Hoc|ARM.Deploy.0 = Release|ARM
		{94D849B2-91C3-4610-A752-5849595A1A76}.Ad-Hoc|iPhone.ActiveCfg = Release|x86
		{94D849B2-91C3-4610-A752-5849595A1A76}.Ad-Hoc|iPhone.Build.0 = Release|x86
		{94D849B2-91C3-4610-A752-5849595A1A76}.Ad-Hoc|iPhone.Deploy.0 = Release|x86
		{94D849B2-91C3-4610-A752-5849595A1A76}.Ad-Hoc|iPhoneSimulator.ActiveCfg = Release|x86
		{94D849B2-91C3-4610-A752-5849595A1A76}.Ad-Hoc|iPhoneSimulator.Build.0 = Release|x86
		{94D849B2-91C3-4610-A752-5849595A1A76}.Ad-Hoc|iPhoneSimulator.Deploy.0 = Release|x86
		{94D849B2-91C3-4610-A752-5849595A1A76}.Ad-Hoc|x64.ActiveCfg = Release|x64
		{94D849B2-91C3-4610-A752-5849595A1A76}.Ad-Hoc|x64.Build.0 = Release|x64
		{94D849B2-91C3-4610-A752-5849595A1A76}.Ad-Hoc|x64.Deploy.0 = Release|x64
		{94D849B2-91C3-4610-A752-5849595A1A76}.Ad-Hoc|x86.ActiveCfg = Release|x86
		{94D849B2-91C3-4610-A752-5849595A1A76}.Ad-Hoc|x86.Build.0 = Release|x86
		{94D849B2-91C3-4610-A752-5849595A1A76}.Ad-Hoc|x86.Deploy.0 = Release|x86
		{94D849B2-91C3-4610-A752-5849595A1A76}.AppStore|Any CPU.ActiveCfg = Release|x86
		{94D849B2-91C3-4610-A752-5849595A1A76}.AppStore|Any CPU.Build.0 = Release|x86
		{94D849B2-91C3-4610-A752-5849595A1A76}.AppStore|Any CPU.Deploy.0 = Release|x86
		{94D849B2-91C3-4610-A752-5849595A1A76}.AppStore|ARM.ActiveCfg = Release|ARM
		{94D849B2-91C3-4610-A752-5849595A1A76}.AppStore|ARM.Build.0 = Release|ARM
		{94D849B2-91C3-4610-A752-5849595A1A76}.AppStore|ARM.Deploy.0 = Release|ARM
		{94D849B2-91C3-4610-A752-5849595A1A76}.AppStore|iPhone.ActiveCfg = Release|x86
		{94D849B2-91C3-4610-A752-5849595A1A76}.AppStore|iPhone.Build.0 = Release|x86
		{94D849B2-91C3-4610-A752-5849595A1A76}.AppStore|iPhone.Deploy.0 = Release|x86
		{94D849B2-91C3-4610-A752-5849595A1A76}.AppStore|iPhoneSimulator.ActiveCfg = Release|x86
		{94D849B2-91C3-4610-A752-5849595A1A76}.AppStore|iPhoneSimulator.Build.0 = Release|x86
		{94D849B2-91C3-4610-A752-5849595A1A76}.AppStore|iPhoneSimulator.Deploy.0 = Release|x86
		{94D849B2-91C3-4610-A752-5849595A1A76}.AppStore|x64.ActiveCfg = Release|x64
		{94D849B2-91C3-4610-A752-5849595A1A76}.AppStore|x64.Build.0 = Release|x64
		{94D849B2-91C3-4610-A752-5849595A1A76}.AppStore|x64.Deploy.0 = Release|x64
		{94D849B2-91C3-4610-A752-5849595A1A76}.AppStore|x86.ActiveCfg = Release|x86
		{94D849B2-91C3-4610-A752-5849595A1A76}.AppStore|x86.Build.0 = Release|x86
		{94D849B2-91C3-4610-A752-5849595A1A76}.AppStore|x86.Deploy.0 = Release|x86
		{94D849B2-91C3-4610-A752-5849595A1A76}.Debug|Any CPU.ActiveCfg = Debug|x86
		{94D849B2-91C3-4610-A752-5849595A1A76}.Debug|ARM.ActiveCfg = Debug|ARM
		{94D849B2-91C3-4610-A752-5849595A1A76}.Debug|ARM.Build.0 = Debug|ARM
		{94D849B2-91C3-4610-A752-5849595A1A76}.Debug|ARM.Deploy.0 = Debug|ARM
		{94D849B2-91C3-4610-A752-5849595A1A76}.Debug|iPhone.ActiveCfg = Debug|x86
		{94D849B2-91C3-4610-A752-5849595A1A76}.Debug|iPhoneSimulator.ActiveCfg = Debug|x86
		{94D849B2-91C3-4610-A752-5849595A1A76}.Debug|x64.ActiveCfg = Debug|x64
		{94D849B2-91C3-4610-A752-5849595A1A76}.Debug|x64.Build.0 = Debug|x64
		{94D849B2-91C3-4610-A752-5849595A1A76}.Debug|x64.Deploy.0 = Debug|x64
		{94D849B2-91C3-4610-A752-5849595A1A76}.Debug|x86.ActiveCfg = Debug|x86
		{94D849B2-91C3-4610-A752-5849595A1A76}.Debug|x86.Build.0 = Debug|x86
		{94D849B2-91C3-4610-A752-5849595A1A76}.Debug|x86.Deploy.0 = Debug|x86
		{94D849B2-91C3-4610-A752-5849595A1A76}.Release|Any CPU.ActiveCfg = Release|x86
		{94D849B2-91C3-4610-A752-5849595A1A76}.Release|ARM.ActiveCfg = Release|ARM
		{94D849B2-91C3-4610-A752-5849595A1A76}.Release|ARM.Build.0 = Release|ARM
		{94D849B2-91C3-4610-A752-5849595A1A76}.Release|ARM.Deploy.0 = Release|ARM
		{94D849B2-91C3-4610-A752-5849595A1A76}.Release|iPhone.ActiveCfg = Release|x86
		{94D849B2-91C3-4610-A752-5849595A1A76}.Release|iPhoneSimulator.ActiveCfg = Release|x86
		{94D849B2-91C3-4610-A752-5849595A1A76}.Release|x64.ActiveCfg = Release|x64
		{94D849B2-91C3-4610-A752-5849595A1A76}.Release|x64.Build.0 = Release|x64
		{94D849B2-91C3-4610-A752-5849595A1A76}.Release|x64.Deploy.0 = Release|x64
		{94D849B2-91C3-4610-A752-5849595A1A76}.Release|x86.ActiveCfg = Release|x86
		{94D849B2-91C3-4610-A752-5849595A1A76}.Release|x86.Build.0 = Release|x86
		{94D849B2-91C3-4610-A752-5849595A1A76}.Release|x86.Deploy.0 = Release|x86
		{85BC81F2-67F9-41E3-A379-8ED7708CB171}.Ad-Hoc|Any CPU.ActiveCfg = Debug|Any CPU
		{85BC81F2-67F9-41E3-A379-8ED7708CB171}.Ad-Hoc|Any CPU.Build.0 = Debug|Any CPU
		{85BC81F2-67F9-41E3-A379-8ED7708CB171}.Ad-Hoc|ARM.ActiveCfg = Debug|Any CPU
		{85BC81F2-67F9-41E3-A379-8ED7708CB171}.Ad-Hoc|ARM.Build.0 = Debug|Any CPU
		{85BC81F2-67F9-41E3-A379-8ED7708CB171}.Ad-Hoc|iPhone.ActiveCfg = Debug|Any CPU
		{85BC81F2-67F9-41E3-A379-8ED7708CB171}.Ad-Hoc|iPhone.Build.0 = Debug|Any CPU
		{85BC81F2-67F9-41E3-A379-8ED7708CB171}.Ad-Hoc|iPhoneSimulator.ActiveCfg = Debug|Any CPU
		{85BC81F2-67F9-41E3-A379-8ED7708CB171}.Ad-Hoc|iPhoneSimulator.Build.0 = Debug|Any CPU
		{85BC81F2-67F9-41E3-A379-8ED7708CB171}.Ad-Hoc|x64.ActiveCfg = Debug|Any CPU
		{85BC81F2-67F9-41E3-A379-8ED7708CB171}.Ad-Hoc|x64.Build.0 = Debug|Any CPU
		{85BC81F2-67F9-41E3-A379-8ED7708CB171}.Ad-Hoc|x86.ActiveCfg = Debug|Any CPU
		{85BC81F2-67F9-41E3-A379-8ED7708CB171}.Ad-Hoc|x86.Build.0 = Debug|Any CPU
		{85BC81F2-67F9-41E3-A379-8ED7708CB171}.AppStore|Any CPU.ActiveCfg = Debug|Any CPU
		{85BC81F2-67F9-41E3-A379-8ED7708CB171}.AppStore|Any CPU.Build.0 = Debug|Any CPU
		{85BC81F2-67F9-41E3-A379-8ED7708CB171}.AppStore|ARM.ActiveCfg = Debug|Any CPU
		{85BC81F2-67F9-41E3-A379-8ED7708CB171}.AppStore|ARM.Build.0 = Debug|Any CPU
		{85BC81F2-67F9-41E3-A379-8ED7708CB171}.AppStore|iPhone.ActiveCfg = Debug|Any CPU
		{85BC81F2-67F9-41E3-A379-8ED7708CB171}.AppStore|iPhone.Build.0 = Debug|Any CPU
		{85BC81F2-67F9-41E3-A379-8ED7708CB171}.AppStore|iPhoneSimulator.ActiveCfg = Debug|Any CPU
		{85BC81F2-67F9-41E3-A379-8ED7708CB171}.AppStore|iPhoneSimulator.Build.0 = Debug|Any CPU
		{85BC81F2-67F9-41E3-A379-8ED7708CB171}.AppStore|x64.ActiveCfg = Debug|Any CPU
		{85BC81F2-67F9-41E3-A379-8ED7708CB171}.AppStore|x64.Build.0 = Debug|Any CPU
		{85BC81F2-67F9-41E3-A379-8ED7708CB171}.AppStore|x86.ActiveCfg = Debug|Any CPU
		{85BC81F2-67F9-41E3-A379-8ED7708CB171}.AppStore|x86.Build.0 = Debug|Any CPU
		{85BC81F2-67F9-41E3-A379-8ED7708CB171}.Debug|Any CPU.ActiveCfg = Debug|Any CPU
		{85BC81F2-67F9-41E3-A379-8ED7708CB171}.Debug|Any CPU.Build.0 = Debug|Any CPU
		{85BC81F2-67F9-41E3-A379-8ED7708CB171}.Debug|ARM.ActiveCfg = Debug|Any CPU
		{85BC81F2-67F9-41E3-A379-8ED7708CB171}.Debug|ARM.Build.0 = Debug|Any CPU
		{85BC81F2-67F9-41E3-A379-8ED7708CB171}.Debug|iPhone.ActiveCfg = Debug|Any CPU
		{85BC81F2-67F9-41E3-A379-8ED7708CB171}.Debug|iPhone.Build.0 = Debug|Any CPU
		{85BC81F2-67F9-41E3-A379-8ED7708CB171}.Debug|iPhoneSimulator.ActiveCfg = Debug|Any CPU
		{85BC81F2-67F9-41E3-A379-8ED7708CB171}.Debug|iPhoneSimulator.Build.0 = Debug|Any CPU
		{85BC81F2-67F9-41E3-A379-8ED7708CB171}.Debug|x64.ActiveCfg = Debug|Any CPU
		{85BC81F2-67F9-41E3-A379-8ED7708CB171}.Debug|x64.Build.0 = Debug|Any CPU
		{85BC81F2-67F9-41E3-A379-8ED7708CB171}.Debug|x86.ActiveCfg = Debug|Any CPU
		{85BC81F2-67F9-41E3-A379-8ED7708CB171}.Debug|x86.Build.0 = Debug|Any CPU
		{85BC81F2-67F9-41E3-A379-8ED7708CB171}.Release|Any CPU.ActiveCfg = Release|Any CPU
		{85BC81F2-67F9-41E3-A379-8ED7708CB171}.Release|Any CPU.Build.0 = Release|Any CPU
		{85BC81F2-67F9-41E3-A379-8ED7708CB171}.Release|ARM.ActiveCfg = Release|Any CPU
		{85BC81F2-67F9-41E3-A379-8ED7708CB171}.Release|ARM.Build.0 = Release|Any CPU
		{85BC81F2-67F9-41E3-A379-8ED7708CB171}.Release|iPhone.ActiveCfg = Release|Any CPU
		{85BC81F2-67F9-41E3-A379-8ED7708CB171}.Release|iPhone.Build.0 = Release|Any CPU
		{85BC81F2-67F9-41E3-A379-8ED7708CB171}.Release|iPhoneSimulator.ActiveCfg = Release|Any CPU
		{85BC81F2-67F9-41E3-A379-8ED7708CB171}.Release|iPhoneSimulator.Build.0 = Release|Any CPU
		{85BC81F2-67F9-41E3-A379-8ED7708CB171}.Release|x64.ActiveCfg = Release|Any CPU
		{85BC81F2-67F9-41E3-A379-8ED7708CB171}.Release|x64.Build.0 = Release|Any CPU
		{85BC81F2-67F9-41E3-A379-8ED7708CB171}.Release|x86.ActiveCfg = Release|Any CPU
		{85BC81F2-67F9-41E3-A379-8ED7708CB171}.Release|x86.Build.0 = Release|Any CPU
		{5A673531-A696-4CC9-A422-C39FDEE56CC9}.Ad-Hoc|Any CPU.ActiveCfg = Release|Any CPU
		{5A673531-A696-4CC9-A422-C39FDEE56CC9}.Ad-Hoc|Any CPU.Build.0 = Release|Any CPU
		{5A673531-A696-4CC9-A422-C39FDEE56CC9}.Ad-Hoc|Any CPU.Deploy.0 = Release|Any CPU
		{5A673531-A696-4CC9-A422-C39FDEE56CC9}.Ad-Hoc|ARM.ActiveCfg = Release|Any CPU
		{5A673531-A696-4CC9-A422-C39FDEE56CC9}.Ad-Hoc|ARM.Build.0 = Release|Any CPU
		{5A673531-A696-4CC9-A422-C39FDEE56CC9}.Ad-Hoc|ARM.Deploy.0 = Release|Any CPU
		{5A673531-A696-4CC9-A422-C39FDEE56CC9}.Ad-Hoc|iPhone.ActiveCfg = Release|Any CPU
		{5A673531-A696-4CC9-A422-C39FDEE56CC9}.Ad-Hoc|iPhone.Build.0 = Release|Any CPU
		{5A673531-A696-4CC9-A422-C39FDEE56CC9}.Ad-Hoc|iPhone.Deploy.0 = Release|Any CPU
		{5A673531-A696-4CC9-A422-C39FDEE56CC9}.Ad-Hoc|iPhoneSimulator.ActiveCfg = Release|Any CPU
		{5A673531-A696-4CC9-A422-C39FDEE56CC9}.Ad-Hoc|iPhoneSimulator.Build.0 = Release|Any CPU
		{5A673531-A696-4CC9-A422-C39FDEE56CC9}.Ad-Hoc|iPhoneSimulator.Deploy.0 = Release|Any CPU
		{5A673531-A696-4CC9-A422-C39FDEE56CC9}.Ad-Hoc|x64.ActiveCfg = Release|Any CPU
		{5A673531-A696-4CC9-A422-C39FDEE56CC9}.Ad-Hoc|x64.Build.0 = Release|Any CPU
		{5A673531-A696-4CC9-A422-C39FDEE56CC9}.Ad-Hoc|x64.Deploy.0 = Release|Any CPU
		{5A673531-A696-4CC9-A422-C39FDEE56CC9}.Ad-Hoc|x86.ActiveCfg = Release|Any CPU
		{5A673531-A696-4CC9-A422-C39FDEE56CC9}.Ad-Hoc|x86.Build.0 = Release|Any CPU
		{5A673531-A696-4CC9-A422-C39FDEE56CC9}.Ad-Hoc|x86.Deploy.0 = Release|Any CPU
		{5A673531-A696-4CC9-A422-C39FDEE56CC9}.AppStore|Any CPU.ActiveCfg = Release|Any CPU
		{5A673531-A696-4CC9-A422-C39FDEE56CC9}.AppStore|Any CPU.Build.0 = Release|Any CPU
		{5A673531-A696-4CC9-A422-C39FDEE56CC9}.AppStore|Any CPU.Deploy.0 = Release|Any CPU
		{5A673531-A696-4CC9-A422-C39FDEE56CC9}.AppStore|ARM.ActiveCfg = Release|Any CPU
		{5A673531-A696-4CC9-A422-C39FDEE56CC9}.AppStore|ARM.Build.0 = Release|Any CPU
		{5A673531-A696-4CC9-A422-C39FDEE56CC9}.AppStore|ARM.Deploy.0 = Release|Any CPU
		{5A673531-A696-4CC9-A422-C39FDEE56CC9}.AppStore|iPhone.ActiveCfg = Release|Any CPU
		{5A673531-A696-4CC9-A422-C39FDEE56CC9}.AppStore|iPhone.Build.0 = Release|Any CPU
		{5A673531-A696-4CC9-A422-C39FDEE56CC9}.AppStore|iPhone.Deploy.0 = Release|Any CPU
		{5A673531-A696-4CC9-A422-C39FDEE56CC9}.AppStore|iPhoneSimulator.ActiveCfg = Release|Any CPU
		{5A673531-A696-4CC9-A422-C39FDEE56CC9}.AppStore|iPhoneSimulator.Build.0 = Release|Any CPU
		{5A673531-A696-4CC9-A422-C39FDEE56CC9}.AppStore|iPhoneSimulator.Deploy.0 = Release|Any CPU
		{5A673531-A696-4CC9-A422-C39FDEE56CC9}.AppStore|x64.ActiveCfg = Release|Any CPU
		{5A673531-A696-4CC9-A422-C39FDEE56CC9}.AppStore|x64.Build.0 = Release|Any CPU
		{5A673531-A696-4CC9-A422-C39FDEE56CC9}.AppStore|x64.Deploy.0 = Release|Any CPU
		{5A673531-A696-4CC9-A422-C39FDEE56CC9}.AppStore|x86.ActiveCfg = Release|Any CPU
		{5A673531-A696-4CC9-A422-C39FDEE56CC9}.AppStore|x86.Build.0 = Release|Any CPU
		{5A673531-A696-4CC9-A422-C39FDEE56CC9}.AppStore|x86.Deploy.0 = Release|Any CPU
		{5A673531-A696-4CC9-A422-C39FDEE56CC9}.Debug|Any CPU.ActiveCfg = Debug|Any CPU
		{5A673531-A696-4CC9-A422-C39FDEE56CC9}.Debug|Any CPU.Build.0 = Debug|Any CPU
		{5A673531-A696-4CC9-A422-C39FDEE56CC9}.Debug|Any CPU.Deploy.0 = Debug|Any CPU
		{5A673531-A696-4CC9-A422-C39FDEE56CC9}.Debug|ARM.ActiveCfg = Debug|Any CPU
		{5A673531-A696-4CC9-A422-C39FDEE56CC9}.Debug|ARM.Build.0 = Debug|Any CPU
		{5A673531-A696-4CC9-A422-C39FDEE56CC9}.Debug|ARM.Deploy.0 = Debug|Any CPU
		{5A673531-A696-4CC9-A422-C39FDEE56CC9}.Debug|iPhone.ActiveCfg = Debug|Any CPU
		{5A673531-A696-4CC9-A422-C39FDEE56CC9}.Debug|iPhone.Build.0 = Debug|Any CPU
		{5A673531-A696-4CC9-A422-C39FDEE56CC9}.Debug|iPhone.Deploy.0 = Debug|Any CPU
		{5A673531-A696-4CC9-A422-C39FDEE56CC9}.Debug|iPhoneSimulator.ActiveCfg = Debug|Any CPU
		{5A673531-A696-4CC9-A422-C39FDEE56CC9}.Debug|iPhoneSimulator.Build.0 = Debug|Any CPU
		{5A673531-A696-4CC9-A422-C39FDEE56CC9}.Debug|iPhoneSimulator.Deploy.0 = Debug|Any CPU
		{5A673531-A696-4CC9-A422-C39FDEE56CC9}.Debug|x64.ActiveCfg = Debug|Any CPU
		{5A673531-A696-4CC9-A422-C39FDEE56CC9}.Debug|x64.Build.0 = Debug|Any CPU
		{5A673531-A696-4CC9-A422-C39FDEE56CC9}.Debug|x64.Deploy.0 = Debug|Any CPU
		{5A673531-A696-4CC9-A422-C39FDEE56CC9}.Debug|x86.ActiveCfg = Debug|Any CPU
		{5A673531-A696-4CC9-A422-C39FDEE56CC9}.Debug|x86.Build.0 = Debug|Any CPU
		{5A673531-A696-4CC9-A422-C39FDEE56CC9}.Debug|x86.Deploy.0 = Debug|Any CPU
		{5A673531-A696-4CC9-A422-C39FDEE56CC9}.Release|Any CPU.ActiveCfg = Release|Any CPU
		{5A673531-A696-4CC9-A422-C39FDEE56CC9}.Release|Any CPU.Build.0 = Release|Any CPU
		{5A673531-A696-4CC9-A422-C39FDEE56CC9}.Release|Any CPU.Deploy.0 = Release|Any CPU
		{5A673531-A696-4CC9-A422-C39FDEE56CC9}.Release|ARM.ActiveCfg = Release|Any CPU
		{5A673531-A696-4CC9-A422-C39FDEE56CC9}.Release|ARM.Build.0 = Release|Any CPU
		{5A673531-A696-4CC9-A422-C39FDEE56CC9}.Release|ARM.Deploy.0 = Release|Any CPU
		{5A673531-A696-4CC9-A422-C39FDEE56CC9}.Release|iPhone.ActiveCfg = Release|Any CPU
		{5A673531-A696-4CC9-A422-C39FDEE56CC9}.Release|iPhone.Build.0 = Release|Any CPU
		{5A673531-A696-4CC9-A422-C39FDEE56CC9}.Release|iPhone.Deploy.0 = Release|Any CPU
		{5A673531-A696-4CC9-A422-C39FDEE56CC9}.Release|iPhoneSimulator.ActiveCfg = Release|Any CPU
		{5A673531-A696-4CC9-A422-C39FDEE56CC9}.Release|iPhoneSimulator.Build.0 = Release|Any CPU
		{5A673531-A696-4CC9-A422-C39FDEE56CC9}.Release|iPhoneSimulator.Deploy.0 = Release|Any CPU
		{5A673531-A696-4CC9-A422-C39FDEE56CC9}.Release|x64.ActiveCfg = Release|Any CPU
		{5A673531-A696-4CC9-A422-C39FDEE56CC9}.Release|x64.Build.0 = Release|Any CPU
		{5A673531-A696-4CC9-A422-C39FDEE56CC9}.Release|x64.Deploy.0 = Release|Any CPU
		{5A673531-A696-4CC9-A422-C39FDEE56CC9}.Release|x86.ActiveCfg = Release|Any CPU
		{5A673531-A696-4CC9-A422-C39FDEE56CC9}.Release|x86.Build.0 = Release|Any CPU
		{5A673531-A696-4CC9-A422-C39FDEE56CC9}.Release|x86.Deploy.0 = Release|Any CPU
		{351AE8F4-9C2E-44BA-89C5-2664CD85401D}.Ad-Hoc|Any CPU.ActiveCfg = Ad-Hoc|iPhone
		{351AE8F4-9C2E-44BA-89C5-2664CD85401D}.Ad-Hoc|ARM.ActiveCfg = Ad-Hoc|iPhone
		{351AE8F4-9C2E-44BA-89C5-2664CD85401D}.Ad-Hoc|iPhone.ActiveCfg = Ad-Hoc|iPhone
		{351AE8F4-9C2E-44BA-89C5-2664CD85401D}.Ad-Hoc|iPhone.Build.0 = Ad-Hoc|iPhone
		{351AE8F4-9C2E-44BA-89C5-2664CD85401D}.Ad-Hoc|iPhoneSimulator.ActiveCfg = Ad-Hoc|iPhoneSimulator
		{351AE8F4-9C2E-44BA-89C5-2664CD85401D}.Ad-Hoc|iPhoneSimulator.Build.0 = Ad-Hoc|iPhoneSimulator
		{351AE8F4-9C2E-44BA-89C5-2664CD85401D}.Ad-Hoc|x64.ActiveCfg = Ad-Hoc|iPhone
		{351AE8F4-9C2E-44BA-89C5-2664CD85401D}.Ad-Hoc|x86.ActiveCfg = Ad-Hoc|iPhone
		{351AE8F4-9C2E-44BA-89C5-2664CD85401D}.AppStore|Any CPU.ActiveCfg = AppStore|iPhone
		{351AE8F4-9C2E-44BA-89C5-2664CD85401D}.AppStore|ARM.ActiveCfg = AppStore|iPhone
		{351AE8F4-9C2E-44BA-89C5-2664CD85401D}.AppStore|iPhone.ActiveCfg = AppStore|iPhone
		{351AE8F4-9C2E-44BA-89C5-2664CD85401D}.AppStore|iPhone.Build.0 = AppStore|iPhone
		{351AE8F4-9C2E-44BA-89C5-2664CD85401D}.AppStore|iPhoneSimulator.ActiveCfg = AppStore|iPhoneSimulator
		{351AE8F4-9C2E-44BA-89C5-2664CD85401D}.AppStore|iPhoneSimulator.Build.0 = AppStore|iPhoneSimulator
		{351AE8F4-9C2E-44BA-89C5-2664CD85401D}.AppStore|x64.ActiveCfg = AppStore|iPhone
		{351AE8F4-9C2E-44BA-89C5-2664CD85401D}.AppStore|x86.ActiveCfg = AppStore|iPhone
		{351AE8F4-9C2E-44BA-89C5-2664CD85401D}.Debug|Any CPU.ActiveCfg = Debug|iPhone
		{351AE8F4-9C2E-44BA-89C5-2664CD85401D}.Debug|ARM.ActiveCfg = Debug|iPhone
		{351AE8F4-9C2E-44BA-89C5-2664CD85401D}.Debug|iPhone.ActiveCfg = Debug|iPhone
		{351AE8F4-9C2E-44BA-89C5-2664CD85401D}.Debug|iPhone.Build.0 = Debug|iPhone
		{351AE8F4-9C2E-44BA-89C5-2664CD85401D}.Debug|iPhoneSimulator.ActiveCfg = Debug|iPhoneSimulator
		{351AE8F4-9C2E-44BA-89C5-2664CD85401D}.Debug|iPhoneSimulator.Build.0 = Debug|iPhoneSimulator
		{351AE8F4-9C2E-44BA-89C5-2664CD85401D}.Debug|x64.ActiveCfg = Debug|iPhone
		{351AE8F4-9C2E-44BA-89C5-2664CD85401D}.Debug|x86.ActiveCfg = Debug|iPhone
		{351AE8F4-9C2E-44BA-89C5-2664CD85401D}.Release|Any CPU.ActiveCfg = Release|iPhone
		{351AE8F4-9C2E-44BA-89C5-2664CD85401D}.Release|ARM.ActiveCfg = Release|iPhone
		{351AE8F4-9C2E-44BA-89C5-2664CD85401D}.Release|iPhone.ActiveCfg = Release|iPhone
		{351AE8F4-9C2E-44BA-89C5-2664CD85401D}.Release|iPhone.Build.0 = Release|iPhone
		{351AE8F4-9C2E-44BA-89C5-2664CD85401D}.Release|iPhoneSimulator.ActiveCfg = Release|iPhoneSimulator
		{351AE8F4-9C2E-44BA-89C5-2664CD85401D}.Release|iPhoneSimulator.Build.0 = Release|iPhoneSimulator
		{351AE8F4-9C2E-44BA-89C5-2664CD85401D}.Release|x64.ActiveCfg = Release|iPhone
		{351AE8F4-9C2E-44BA-89C5-2664CD85401D}.Release|x86.ActiveCfg = Release|iPhone
		{8EC797D3-5EAD-4028-8B0B-1B4A38A92003}.Ad-Hoc|Any CPU.ActiveCfg = Release|x86
		{8EC797D3-5EAD-4028-8B0B-1B4A38A92003}.Ad-Hoc|Any CPU.Build.0 = Release|x86
		{8EC797D3-5EAD-4028-8B0B-1B4A38A92003}.Ad-Hoc|Any CPU.Deploy.0 = Release|x86
		{8EC797D3-5EAD-4028-8B0B-1B4A38A92003}.Ad-Hoc|ARM.ActiveCfg = Release|ARM
		{8EC797D3-5EAD-4028-8B0B-1B4A38A92003}.Ad-Hoc|ARM.Build.0 = Release|ARM
		{8EC797D3-5EAD-4028-8B0B-1B4A38A92003}.Ad-Hoc|ARM.Deploy.0 = Release|ARM
		{8EC797D3-5EAD-4028-8B0B-1B4A38A92003}.Ad-Hoc|iPhone.ActiveCfg = Release|x86
		{8EC797D3-5EAD-4028-8B0B-1B4A38A92003}.Ad-Hoc|iPhone.Build.0 = Release|x86
		{8EC797D3-5EAD-4028-8B0B-1B4A38A92003}.Ad-Hoc|iPhone.Deploy.0 = Release|x86
		{8EC797D3-5EAD-4028-8B0B-1B4A38A92003}.Ad-Hoc|iPhoneSimulator.ActiveCfg = Release|x86
		{8EC797D3-5EAD-4028-8B0B-1B4A38A92003}.Ad-Hoc|iPhoneSimulator.Build.0 = Release|x86
		{8EC797D3-5EAD-4028-8B0B-1B4A38A92003}.Ad-Hoc|iPhoneSimulator.Deploy.0 = Release|x86
		{8EC797D3-5EAD-4028-8B0B-1B4A38A92003}.Ad-Hoc|x64.ActiveCfg = Release|x64
		{8EC797D3-5EAD-4028-8B0B-1B4A38A92003}.Ad-Hoc|x64.Build.0 = Release|x64
		{8EC797D3-5EAD-4028-8B0B-1B4A38A92003}.Ad-Hoc|x64.Deploy.0 = Release|x64
		{8EC797D3-5EAD-4028-8B0B-1B4A38A92003}.Ad-Hoc|x86.ActiveCfg = Release|x86
		{8EC797D3-5EAD-4028-8B0B-1B4A38A92003}.Ad-Hoc|x86.Build.0 = Release|x86
		{8EC797D3-5EAD-4028-8B0B-1B4A38A92003}.Ad-Hoc|x86.Deploy.0 = Release|x86
		{8EC797D3-5EAD-4028-8B0B-1B4A38A92003}.AppStore|Any CPU.ActiveCfg = Release|x86
		{8EC797D3-5EAD-4028-8B0B-1B4A38A92003}.AppStore|Any CPU.Build.0 = Release|x86
		{8EC797D3-5EAD-4028-8B0B-1B4A38A92003}.AppStore|Any CPU.Deploy.0 = Release|x86
		{8EC797D3-5EAD-4028-8B0B-1B4A38A92003}.AppStore|ARM.ActiveCfg = Release|ARM
		{8EC797D3-5EAD-4028-8B0B-1B4A38A92003}.AppStore|ARM.Build.0 = Release|ARM
		{8EC797D3-5EAD-4028-8B0B-1B4A38A92003}.AppStore|ARM.Deploy.0 = Release|ARM
		{8EC797D3-5EAD-4028-8B0B-1B4A38A92003}.AppStore|iPhone.ActiveCfg = Release|x86
		{8EC797D3-5EAD-4028-8B0B-1B4A38A92003}.AppStore|iPhone.Build.0 = Release|x86
		{8EC797D3-5EAD-4028-8B0B-1B4A38A92003}.AppStore|iPhone.Deploy.0 = Release|x86
		{8EC797D3-5EAD-4028-8B0B-1B4A38A92003}.AppStore|iPhoneSimulator.ActiveCfg = Release|x86
		{8EC797D3-5EAD-4028-8B0B-1B4A38A92003}.AppStore|iPhoneSimulator.Build.0 = Release|x86
		{8EC797D3-5EAD-4028-8B0B-1B4A38A92003}.AppStore|iPhoneSimulator.Deploy.0 = Release|x86
		{8EC797D3-5EAD-4028-8B0B-1B4A38A92003}.AppStore|x64.ActiveCfg = Release|x64
		{8EC797D3-5EAD-4028-8B0B-1B4A38A92003}.AppStore|x64.Build.0 = Release|x64
		{8EC797D3-5EAD-4028-8B0B-1B4A38A92003}.AppStore|x64.Deploy.0 = Release|x64
		{8EC797D3-5EAD-4028-8B0B-1B4A38A92003}.AppStore|x86.ActiveCfg = Release|x86
		{8EC797D3-5EAD-4028-8B0B-1B4A38A92003}.AppStore|x86.Build.0 = Release|x86
		{8EC797D3-5EAD-4028-8B0B-1B4A38A92003}.AppStore|x86.Deploy.0 = Release|x86
		{8EC797D3-5EAD-4028-8B0B-1B4A38A92003}.Debug|Any CPU.ActiveCfg = Debug|x86
		{8EC797D3-5EAD-4028-8B0B-1B4A38A92003}.Debug|ARM.ActiveCfg = Debug|ARM
		{8EC797D3-5EAD-4028-8B0B-1B4A38A92003}.Debug|ARM.Build.0 = Debug|ARM
		{8EC797D3-5EAD-4028-8B0B-1B4A38A92003}.Debug|ARM.Deploy.0 = Debug|ARM
		{8EC797D3-5EAD-4028-8B0B-1B4A38A92003}.Debug|iPhone.ActiveCfg = Debug|x86
		{8EC797D3-5EAD-4028-8B0B-1B4A38A92003}.Debug|iPhoneSimulator.ActiveCfg = Debug|x86
		{8EC797D3-5EAD-4028-8B0B-1B4A38A92003}.Debug|x64.ActiveCfg = Debug|x64
		{8EC797D3-5EAD-4028-8B0B-1B4A38A92003}.Debug|x64.Build.0 = Debug|x64
		{8EC797D3-5EAD-4028-8B0B-1B4A38A92003}.Debug|x64.Deploy.0 = Debug|x64
		{8EC797D3-5EAD-4028-8B0B-1B4A38A92003}.Debug|x86.ActiveCfg = Debug|x86
		{8EC797D3-5EAD-4028-8B0B-1B4A38A92003}.Debug|x86.Build.0 = Debug|x86
		{8EC797D3-5EAD-4028-8B0B-1B4A38A92003}.Debug|x86.Deploy.0 = Debug|x86
		{8EC797D3-5EAD-4028-8B0B-1B4A38A92003}.Release|Any CPU.ActiveCfg = Release|x86
		{8EC797D3-5EAD-4028-8B0B-1B4A38A92003}.Release|ARM.ActiveCfg = Release|ARM
		{8EC797D3-5EAD-4028-8B0B-1B4A38A92003}.Release|ARM.Build.0 = Release|ARM
		{8EC797D3-5EAD-4028-8B0B-1B4A38A92003}.Release|ARM.Deploy.0 = Release|ARM
		{8EC797D3-5EAD-4028-8B0B-1B4A38A92003}.Release|iPhone.ActiveCfg = Release|x86
		{8EC797D3-5EAD-4028-8B0B-1B4A38A92003}.Release|iPhoneSimulator.ActiveCfg = Release|x86
		{8EC797D3-5EAD-4028-8B0B-1B4A38A92003}.Release|x64.ActiveCfg = Release|x64
		{8EC797D3-5EAD-4028-8B0B-1B4A38A92003}.Release|x64.Build.0 = Release|x64
		{8EC797D3-5EAD-4028-8B0B-1B4A38A92003}.Release|x64.Deploy.0 = Release|x64
		{8EC797D3-5EAD-4028-8B0B-1B4A38A92003}.Release|x86.ActiveCfg = Release|x86
		{8EC797D3-5EAD-4028-8B0B-1B4A38A92003}.Release|x86.Build.0 = Release|x86
		{8EC797D3-5EAD-4028-8B0B-1B4A38A92003}.Release|x86.Deploy.0 = Release|x86
	EndGlobalSection
	GlobalSection(SolutionProperties) = preSolution
		HideSolutionNode = FALSE
	EndGlobalSection
	GlobalSection(NestedProjects) = preSolution
		{160317AC-B6B1-450F-ABFF-25C341E3C115} = {569B5B21-1138-4535-9047-BD89616ADC3B}
		{A3742168-5424-4D00-AF19-2BDFACF32209} = {569B5B21-1138-4535-9047-BD89616ADC3B}
		{8D2B2AFD-D049-475B-827D-B7F348AF791F} = {569B5B21-1138-4535-9047-BD89616ADC3B}
		{94D849B2-91C3-4610-A752-5849595A1A76} = {569B5B21-1138-4535-9047-BD89616ADC3B}
		{85BC81F2-67F9-41E3-A379-8ED7708CB171} = {523D749F-EC3C-49EC-A90B-EE015D776D76}
		{5A673531-A696-4CC9-A422-C39FDEE56CC9} = {523D749F-EC3C-49EC-A90B-EE015D776D76}
		{351AE8F4-9C2E-44BA-89C5-2664CD85401D} = {523D749F-EC3C-49EC-A90B-EE015D776D76}
		{8EC797D3-5EAD-4028-8B0B-1B4A38A92003} = {523D749F-EC3C-49EC-A90B-EE015D776D76}
	EndGlobalSection
	GlobalSection(ExtensibilityGlobals) = postSolution
		SolutionGuid = {B221C28C-1CA3-4E3A-A490-4A2FA9DE6101}
	EndGlobalSection
EndGlobal
